
Microsoft Visual Studio Solution File, Format Version 12.00
# Visual Studio Version 17
VisualStudioVersion = 17.14.36414.22 d17.14
MinimumVisualStudioVersion = 10.0.40219.1
Project("{FAE04EC0-301F-11D3-BF4B-00C04F79EFBC}") = "AlmacenesApp", "AlmacenesApp\AlmacenesApp.csproj", "{E8C3D275-41EF-4B6C-9BC4-59F6738D358C}"
EndProject
Project("{FAE04EC0-301F-11D3-BF4B-00C04F79EFBC}") = "Entidades", "Entidades\Entidades.csproj", "{D9755597-6658-4651-A0E0-02E065B0158F}"
EndProject
Project("{FAE04EC0-301F-11D3-BF4B-00C04F79EFBC}") = "AccesoDatos", "AccesoDatos\AccesoDatos.csproj", "{0D5070EA-EF30-4E2A-9616-A1E0DBF13BC6}"
EndProject
Project("{FAE04EC0-301F-11D3-BF4B-00C04F79EFBC}") = "LogicaNegocio", "LogicaNegocio\LogicaNegocio.csproj", "{9F0E3AC0-3B9D-4FEE-9FCF-0EC4B9DA3F1D}"
EndProject
Global
	GlobalSection(SolutionConfigurationPlatforms) = preSolution
		Debug|Any CPU = Debug|Any CPU
		Release|Any CPU = Release|Any CPU
	EndGlobalSection
	GlobalSection(ProjectConfigurationPlatforms) = postSolution
		{E8C3D275-41EF-4B6C-9BC4-59F6738D358C}.Debug|Any CPU.ActiveCfg = Debug|Any CPU
		{E8C3D275-41EF-4B6C-9BC4-59F6738D358C}.Debug|Any CPU.Build.0 = Debug|Any CPU
		{E8C3D275-41EF-4B6C-9BC4-59F6738D358C}.Release|Any CPU.ActiveCfg = Release|Any CPU
		{E8C3D275-41EF-4B6C-9BC4-59F6738D358C}.Release|Any CPU.Build.0 = Release|Any CPU
		{D9755597-6658-4651-A0E0-02E065B0158F}.Debug|Any CPU.ActiveCfg = Debug|Any CPU
		{D9755597-6658-4651-A0E0-02E065B0158F}.Debug|Any CPU.Build.0 = Debug|Any CPU
		{D9755597-6658-4651-A0E0-02E065B0158F}.Release|Any CPU.ActiveCfg = Release|Any CPU
		{D9755597-6658-4651-A0E0-02E065B0158F}.Release|Any CPU.Build.0 = Release|Any CPU
		{0D5070EA-EF30-4E2A-9616-A1E0DBF13BC6}.Debug|Any CPU.ActiveCfg = Debug|Any CPU
		{0D5070EA-EF30-4E2A-9616-A1E0DBF13BC6}.Debug|Any CPU.Build.0 = Debug|Any CPU
		{0D5070EA-EF30-4E2A-9616-A1E0DBF13BC6}.Release|Any CPU.ActiveCfg = Release|Any CPU
		{0D5070EA-EF30-4E2A-9616-A1E0DBF13BC6}.Release|Any CPU.Build.0 = Release|Any CPU
		{9F0E3AC0-3B9D-4FEE-9FCF-0EC4B9DA3F1D}.Debug|Any CPU.ActiveCfg = Debug|Any CPU
		{9F0E3AC0-3B9D-4FEE-9FCF-0EC4B9DA3F1D}.Debug|Any CPU.Build.0 = Debug|Any CPU
		{9F0E3AC0-3B9D-4FEE-9FCF-0EC4B9DA3F1D}.Release|Any CPU.ActiveCfg = Release|Any CPU
		{9F0E3AC0-3B9D-4FEE-9FCF-0EC4B9DA3F1D}.Release|Any CPU.Build.0 = Release|Any CPU
	EndGlobalSection
	GlobalSection(SolutionProperties) = preSolution
		HideSolutionNode = FALSE
	EndGlobalSection
	GlobalSection(ExtensibilityGlobals) = postSolution
		SolutionGuid = {834D77C0-2114-4CB8-8E04-E485BBDC6649}
	EndGlobalSection
EndGlobal
